
Microsoft Visual Studio Solution File, Format Version 12.00
# Visual Studio Version 16
VisualStudioVersion = 16.0.30621.155
MinimumVisualStudioVersion = 10.0.40219.1
Project("{FAE04EC0-301F-11D3-BF4B-00C04F79EFBC}") = "App", "App\App.csproj", "{5CE94E84-6832-4552-976A-CA4DDDD1430D}"
EndProject
Project("{2150E333-8FDC-42A3-9474-1A3956D46DE8}") = "Solution Items", "Solution Items", "{B25E02E9-8F96-4C3E-82FF-F78D1D77BED2}"
	ProjectSection(SolutionItems) = preProject
		.github\workflows\ci.yml = .github\workflows\ci.yml
		README.md = README.md
	EndProjectSection
EndProject
Global
	GlobalSection(SolutionConfigurationPlatforms) = preSolution
		Debug|Any CPU = Debug|Any CPU
		Release|Any CPU = Release|Any CPU
	EndGlobalSection
	GlobalSection(ProjectConfigurationPlatforms) = postSolution
		{5CE94E84-6832-4552-976A-CA4DDDD1430D}.Debug|Any CPU.ActiveCfg = Debug|Any CPU
		{5CE94E84-6832-4552-976A-CA4DDDD1430D}.Debug|Any CPU.Build.0 = Debug|Any CPU
		{5CE94E84-6832-4552-976A-CA4DDDD1430D}.Release|Any CPU.ActiveCfg = Release|Any CPU
		{5CE94E84-6832-4552-976A-CA4DDDD1430D}.Release|Any CPU.Build.0 = Release|Any CPU
	EndGlobalSection
	GlobalSection(SolutionProperties) = preSolution
		HideSolutionNode = FALSE
	EndGlobalSection
	GlobalSection(ExtensibilityGlobals) = postSolution
		SolutionGuid = {3F0E218D-AC85-4589-9457-949EFB270E41}
	EndGlobalSection
EndGlobal
